
Microsoft Visual Studio Solution File, Format Version 11.00
# Visual Basic Express 2010
Project("{F184B08F-C81C-45F6-A57F-5ABD9991F28F}") = "RoadWarriorClubSystem", "RoadWarriorClubSystem\RoadWarriorClubSystem.vbproj", "{40CC0C73-251A-44B5-B1A5-B75D744B2A18}"
EndProject
Global
	GlobalSection(SolutionConfigurationPlatforms) = preSolution
		Debug|x86 = Debug|x86
		Release|x86 = Release|x86
	EndGlobalSection
	GlobalSection(ProjectConfigurationPlatforms) = postSolution
		{40CC0C73-251A-44B5-B1A5-B75D744B2A18}.Debug|x86.ActiveCfg = Debug|x86
		{40CC0C73-251A-44B5-B1A5-B75D744B2A18}.Debug|x86.Build.0 = Debug|x86
		{40CC0C73-251A-44B5-B1A5-B75D744B2A18}.Release|x86.ActiveCfg = Release|x86
		{40CC0C73-251A-44B5-B1A5-B75D744B2A18}.Release|x86.Build.0 = Release|x86
	EndGlobalSection
	GlobalSection(SolutionProperties) = preSolution
		HideSolutionNode = FALSE
	EndGlobalSection
EndGlobal
